
Microsoft Visual Studio Solution File, Format Version 12.00
# Visual Studio Version 17
VisualStudioVersion = 17.6.33829.357
MinimumVisualStudioVersion = 10.0.40219.1
Project("{8BC9CEB8-8B4A-11D0-8D11-00A0C91BC942}") = "Sandbox", "Sandbox\Sandbox.vcxproj", "{2CA3CDB7-5F46-40F6-A021-D6AC58F0CE79}"
EndProject
Project("{8BC9CEB8-8B4A-11D0-8D11-00A0C91BC942}") = "FrameX", "FrameX\FrameX.vcxproj", "{4DF4373E-152A-4BBA-9DF1-E291A2FDC69D}"
EndProject
Global
	GlobalSection(SolutionConfigurationPlatforms) = preSolution
		Debug|x64 = Debug|x64
		Release|x64 = Release|x64
	EndGlobalSection
	GlobalSection(ProjectConfigurationPlatforms) = postSolution
		{4DF4373E-152A-4BBA-9DF1-E291A2FDC69D}.Debug|x64.ActiveCfg = Debug|x64
		{4DF4373E-152A-4BBA-9DF1-E291A2FDC69D}.Debug|x64.Build.0 = Debug|x64
		{4DF4373E-152A-4BBA-9DF1-E291A2FDC69D}.Release|x64.ActiveCfg = Release|x64
		{4DF4373E-152A-4BBA-9DF1-E291A2FDC69D}.Release|x64.Build.0 = Release|x64
		{2CA3CDB7-5F46-40F6-A021-D6AC58F0CE79}.Debug|x64.ActiveCfg = Debug|x64
		{2CA3CDB7-5F46-40F6-A021-D6AC58F0CE79}.Debug|x64.Build.0 = Debug|x64
		{2CA3CDB7-5F46-40F6-A021-D6AC58F0CE79}.Release|x64.ActiveCfg = Release|x64
		{2CA3CDB7-5F46-40F6-A021-D6AC58F0CE79}.Release|x64.Build.0 = Release|x64
	EndGlobalSection
	GlobalSection(SolutionProperties) = preSolution
		HideSolutionNode = FALSE
	EndGlobalSection
	GlobalSection(ExtensibilityGlobals) = postSolution
		SolutionGuid = {64850A41-C88A-426D-BB45-06892ADFE3DB}
	EndGlobalSection
EndGlobal
